
Microsoft Visual Studio Solution File, Format Version 12.00
# Visual Studio 15
VisualStudioVersion = 15.0.26403.7
MinimumVisualStudioVersion = 10.0.40219.1
Project("{FAE04EC0-301F-11D3-BF4B-00C04F79EFBC}") = "NationalPark", "NationalPark\NationalPark.csproj", "{FD338DA6-3ECC-43EC-941D-2C34C17D2E82}"
EndProject
Project("{FAE04EC0-301F-11D3-BF4B-00C04F79EFBC}") = "NationalPark.Tests", "NationalPark.Tests\NationalPark.Tests.csproj", "{B47E6325-E9D7-4F8B-AF75-CAFD6C60387B}"
EndProject
Global
	GlobalSection(SolutionConfigurationPlatforms) = preSolution
		Debug|Any CPU = Debug|Any CPU
		Release|Any CPU = Release|Any CPU
	EndGlobalSection
	GlobalSection(ProjectConfigurationPlatforms) = postSolution
		{FD338DA6-3ECC-43EC-941D-2C34C17D2E82}.Debug|Any CPU.ActiveCfg = Debug|Any CPU
		{FD338DA6-3ECC-43EC-941D-2C34C17D2E82}.Debug|Any CPU.Build.0 = Debug|Any CPU
		{FD338DA6-3ECC-43EC-941D-2C34C17D2E82}.Release|Any CPU.ActiveCfg = Release|Any CPU
		{FD338DA6-3ECC-43EC-941D-2C34C17D2E82}.Release|Any CPU.Build.0 = Release|Any CPU
		{B47E6325-E9D7-4F8B-AF75-CAFD6C60387B}.Debug|Any CPU.ActiveCfg = Debug|Any CPU
		{B47E6325-E9D7-4F8B-AF75-CAFD6C60387B}.Debug|Any CPU.Build.0 = Debug|Any CPU
		{B47E6325-E9D7-4F8B-AF75-CAFD6C60387B}.Release|Any CPU.ActiveCfg = Release|Any CPU
		{B47E6325-E9D7-4F8B-AF75-CAFD6C60387B}.Release|Any CPU.Build.0 = Release|Any CPU
	EndGlobalSection
	GlobalSection(SolutionProperties) = preSolution
		HideSolutionNode = FALSE
	EndGlobalSection
EndGlobal
